// !$*UTF8*$!
{
	archiveVersion = 1;
	classes = {
	};
	objectVersion = 56;
	objects = {

/* Begin PBXBuildFile section */
		313158BC2BEFE82C00F9434A /* AppDelegate.swift in Sources */ = {isa = PBXBuildFile; fileRef = 313158BB2BEFE82C00F9434A /* AppDelegate.swift */; };
		313158BE2BEFE82C00F9434A /* SceneDelegate.swift in Sources */ = {isa = PBXBuildFile; fileRef = 313158BD2BEFE82C00F9434A /* SceneDelegate.swift */; };
		313158C02BEFE82C00F9434A /* ViewController.swift in Sources */ = {isa = PBXBuildFile; fileRef = 313158BF2BEFE82C00F9434A /* ViewController.swift */; };
		313158C32BEFE82C00F9434A /* Base in Resources */ = {isa = PBXBuildFile; fileRef = 313158C22BEFE82C00F9434A /* Base */; };
		313158C52BEFE82D00F9434A /* Assets.xcassets in Resources */ = {isa = PBXBuildFile; fileRef = 313158C42BEFE82D00F9434A /* Assets.xcassets */; };
		313158C82BEFE82D00F9434A /* Base in Resources */ = {isa = PBXBuildFile; fileRef = 313158C72BEFE82D00F9434A /* Base */; };
		313158D32BEFE82D00F9434A /* I_Am_RichTests.swift in Sources */ = {isa = PBXBuildFile; fileRef = 313158D22BEFE82D00F9434A /* I_Am_RichTests.swift */; };
		313158DD2BEFE82D00F9434A /* I_Am_RichUITests.swift in Sources */ = {isa = PBXBuildFile; fileRef = 313158DC2BEFE82D00F9434A /* I_Am_RichUITests.swift */; };
		313158DF2BEFE82D00F9434A /* I_Am_RichUITestsLaunchTests.swift in Sources */ = {isa = PBXBuildFile; fileRef = 313158DE2BEFE82D00F9434A /* I_Am_RichUITestsLaunchTests.swift */; };
/* End PBXBuildFile section */

/* Begin PBXContainerItemProxy section */
		313158CF2BEFE82D00F9434A /* PBXContainerItemProxy */ = {
			isa = PBXContainerItemProxy;
			containerPortal = 313158B02BEFE82C00F9434A /* Project object */;
			proxyType = 1;
			remoteGlobalIDString = 313158B72BEFE82C00F9434A;
			remoteInfo = "I Am Rich";
		};
		313158D92BEFE82D00F9434A /* PBXContainerItemProxy */ = {
			isa = PBXContainerItemProxy;
			containerPortal = 313158B02BEFE82C00F9434A /* Project object */;
			proxyType = 1;
			remoteGlobalIDString = 313158B72BEFE82C00F9434A;
			remoteInfo = "I Am Rich";
		};
/* End PBXContainerItemProxy section */

/* Begin PBXFileReference section */
		313158B82BEFE82C00F9434A /* I Am Rich.app */ = {isa = PBXFileReference; explicitFileType = wrapper.application; includeInIndex = 0; path = "I Am Rich.app"; sourceTree = BUILT_PRODUCTS_DIR; };
		313158BB2BEFE82C00F9434A /* AppDelegate.swift */ = {isa = PBXFileReference; lastKnownFileType = sourcecode.swift; path = AppDelegate.swift; sourceTree = "<group>"; };
		313158BD2BEFE82C00F9434A /* SceneDelegate.swift */ = {isa = PBXFileReference; lastKnownFileType = sourcecode.swift; path = SceneDelegate.swift; sourceTree = "<group>"; };
		313158BF2BEFE82C00F9434A /* ViewController.swift */ = {isa = PBXFileReference; lastKnownFileType = sourcecode.swift; path = ViewController.swift; sourceTree = "<group>"; };
		313158C22BEFE82C00F9434A /* Base */ = {isa = PBXFileReference; lastKnownFileType = file.storyboard; name = Base; path = Base.lproj/Main.storyboard; sourceTree = "<group>"; };
		313158C42BEFE82D00F9434A /* Assets.xcassets */ = {isa = PBXFileReference; lastKnownFileType = folder.assetcatalog; path = Assets.xcassets; sourceTree = "<group>"; };
		313158C72BEFE82D00F9434A /* Base */ = {isa = PBXFileReference; lastKnownFileType = file.storyboard; name = Base; path = Base.lproj/LaunchScreen.storyboard; sourceTree = "<group>"; };
		313158C92BEFE82D00F9434A /* Info.plist */ = {isa = PBXFileReference; lastKnownFileType = text.plist.xml; path = Info.plist; sourceTree = "<group>"; };
		313158CE2BEFE82D00F9434A /* I Am RichTests.xctest */ = {isa = PBXFileReference; explicitFileType = wrapper.cfbundle; includeInIndex = 0; path = "I Am RichTests.xctest"; sourceTree = BUILT_PRODUCTS_DIR; };
		313158D22BEFE82D00F9434A /* I_Am_RichTests.swift */ = {isa = PBXFileReference; lastKnownFileType = sourcecode.swift; path = I_Am_RichTests.swift; sourceTree = "<group>"; };
		313158D82BEFE82D00F9434A /* I Am RichUITests.xctest */ = {isa = PBXFileReference; explicitFileType = wrapper.cfbundle; includeInIndex = 0; path = "I Am RichUITests.xctest"; sourceTree = BUILT_PRODUCTS_DIR; };
		313158DC2BEFE82D00F9434A /* I_Am_RichUITests.swift */ = {isa = PBXFileReference; lastKnownFileType = sourcecode.swift; path = I_Am_RichUITests.swift; sourceTree = "<group>"; };
		313158DE2BEFE82D00F9434A /* I_Am_RichUITestsLaunchTests.swift */ = {isa = PBXFileReference; lastKnownFileType = sourcecode.swift; path = I_Am_RichUITestsLaunchTests.swift; sourceTree = "<group>"; };
/* End PBXFileReference section */

/* Begin PBXFrameworksBuildPhase section */
		313158B52BEFE82C00F9434A /* Frameworks */ = {
			isa = PBXFrameworksBuildPhase;
			buildActionMask = 2147483647;
			files = (
			);
			runOnlyForDeploymentPostprocessing = 0;
		};
		313158CB2BEFE82D00F9434A /* Frameworks */ = {
			isa = PBXFrameworksBuildPhase;
			buildActionMask = 2147483647;
			files = (
			);
			runOnlyForDeploymentPostprocessing = 0;
		};
		313158D52BEFE82D00F9434A /* Frameworks */ = {
			isa = PBXFrameworksBuildPhase;
			buildActionMask = 2147483647;
			files = (
			);
			runOnlyForDeploymentPostprocessing = 0;
		};
/* End PBXFrameworksBuildPhase section */

/* Begin PBXGroup section */
		313158AF2BEFE82C00F9434A = {
			isa = PBXGroup;
			children = (
				313158BA2BEFE82C00F9434A /* I Am Rich */,
				313158D12BEFE82D00F9434A /* I Am RichTests */,
				313158DB2BEFE82D00F9434A /* I Am RichUITests */,
				313158B92BEFE82C00F9434A /* Products */,
			);
			sourceTree = "<group>";
		};
		313158B92BEFE82C00F9434A /* Products */ = {
			isa = PBXGroup;
			children = (
				313158B82BEFE82C00F9434A /* I Am Rich.app */,
				313158CE2BEFE82D00F9434A /* I Am RichTests.xctest */,
				313158D82BEFE82D00F9434A /* I Am RichUITests.xctest */,
			);
			name = Products;
			sourceTree = "<group>";
		};
		313158BA2BEFE82C00F9434A /* I Am Rich */ = {
			isa = PBXGroup;
			children = (
				313158BB2BEFE82C00F9434A /* AppDelegate.swift */,
				313158BD2BEFE82C00F9434A /* SceneDelegate.swift */,
				313158BF2BEFE82C00F9434A /* ViewController.swift */,
				313158C12BEFE82C00F9434A /* Main.storyboard */,
				313158C42BEFE82D00F9434A /* Assets.xcassets */,
				313158C62BEFE82D00F9434A /* LaunchScreen.storyboard */,
				313158C92BEFE82D00F9434A /* Info.plist */,
			);
			path = "I Am Rich";
			sourceTree = "<group>";
		};
		313158D12BEFE82D00F9434A /* I Am RichTests */ = {
			isa = PBXGroup;
			children = (
				313158D22BEFE82D00F9434A /* I_Am_RichTests.swift */,
			);
			path = "I Am RichTests";
			sourceTree = "<group>";
		};
		313158DB2BEFE82D00F9434A /* I Am RichUITests */ = {
			isa = PBXGroup;
			children = (
				313158DC2BEFE82D00F9434A /* I_Am_RichUITests.swift */,
				313158DE2BEFE82D00F9434A /* I_Am_RichUITestsLaunchTests.swift */,
			);
			path = "I Am RichUITests";
			sourceTree = "<group>";
		};
/* End PBXGroup section */

/* Begin PBXNativeTarget section */
		313158B72BEFE82C00F9434A /* I Am Rich */ = {
			isa = PBXNativeTarget;
			buildConfigurationList = 313158E22BEFE82D00F9434A /* Build configuration list for PBXNativeTarget "I Am Rich" */;
			buildPhases = (
				313158B42BEFE82C00F9434A /* Sources */,
				313158B52BEFE82C00F9434A /* Frameworks */,
				313158B62BEFE82C00F9434A /* Resources */,
			);
			buildRules = (
			);
			dependencies = (
			);
			name = "I Am Rich";
			productName = "I Am Rich";
			productReference = 313158B82BEFE82C00F9434A /* I Am Rich.app */;
			productType = "com.apple.product-type.application";
		};
		313158CD2BEFE82D00F9434A /* I Am RichTests */ = {
			isa = PBXNativeTarget;
			buildConfigurationList = 313158E52BEFE82D00F9434A /* Build configuration list for PBXNativeTarget "I Am RichTests" */;
			buildPhases = (
				313158CA2BEFE82D00F9434A /* Sources */,
				313158CB2BEFE82D00F9434A /* Frameworks */,
				313158CC2BEFE82D00F9434A /* Resources */,
			);
			buildRules = (
			);
			dependencies = (
				313158D02BEFE82D00F9434A /* PBXTargetDependency */,
			);
			name = "I Am RichTests";
			productName = "I Am RichTests";
			productReference = 313158CE2BEFE82D00F9434A /* I Am RichTests.xctest */;
			productType = "com.apple.product-type.bundle.unit-test";
		};
		313158D72BEFE82D00F9434A /* I Am RichUITests */ = {
			isa = PBXNativeTarget;
			buildConfigurationList = 313158E82BEFE82D00F9434A /* Build configuration list for PBXNativeTarget "I Am RichUITests" */;
			buildPhases = (
				313158D42BEFE82D00F9434A /* Sources */,
				313158D52BEFE82D00F9434A /* Frameworks */,
				313158D62BEFE82D00F9434A /* Resources */,
			);
			buildRules = (
			);
			dependencies = (
				313158DA2BEFE82D00F9434A /* PBXTargetDependency */,
			);
			name = "I Am RichUITests";
			productName = "I Am RichUITests";
			productReference = 313158D82BEFE82D00F9434A /* I Am RichUITests.xctest */;
			productType = "com.apple.product-type.bundle.ui-testing";
		};
/* End PBXNativeTarget section */

/* Begin PBXProject section */
		313158B02BEFE82C00F9434A /* Project object */ = {
			isa = PBXProject;
			attributes = {
				BuildIndependentTargetsInParallel = 1;
				LastSwiftUpdateCheck = 1530;
				LastUpgradeCheck = 1530;
				TargetAttributes = {
					313158B72BEFE82C00F9434A = {
						CreatedOnToolsVersion = 15.3;
					};
					313158CD2BEFE82D00F9434A = {
						CreatedOnToolsVersion = 15.3;
						TestTargetID = 313158B72BEFE82C00F9434A;
					};
					313158D72BEFE82D00F9434A = {
						CreatedOnToolsVersion = 15.3;
						TestTargetID = 313158B72BEFE82C00F9434A;
					};
				};
			};
			buildConfigurationList = 313158B32BEFE82C00F9434A /* Build configuration list for PBXProject "I Am Rich" */;
			compatibilityVersion = "Xcode 14.0";
			developmentRegion = en;
			hasScannedForEncodings = 0;
			knownRegions = (
				en,
				Base,
			);
			mainGroup = 313158AF2BEFE82C00F9434A;
			productRefGroup = 313158B92BEFE82C00F9434A /* Products */;
			projectDirPath = "";
			projectRoot = "";
			targets = (
				313158B72BEFE82C00F9434A /* I Am Rich */,
				313158CD2BEFE82D00F9434A /* I Am RichTests */,
				313158D72BEFE82D00F9434A /* I Am RichUITests */,
			);
		};
/* End PBXProject section */

/* Begin PBXResourcesBuildPhase section */
		313158B62BEFE82C00F9434A /* Resources */ = {
			isa = PBXResourcesBuildPhase;
			buildActionMask = 2147483647;
			files = (
				313158C52BEFE82D00F9434A /* Assets.xcassets in Resources */,
				313158C82BEFE82D00F9434A /* Base in Resources */,
				313158C32BEFE82C00F9434A /* Base in Resources */,
			);
			runOnlyForDeploymentPostprocessing = 0;
		};
		313158CC2BEFE82D00F9434A /* Resources */ = {
			isa = PBXResourcesBuildPhase;
			buildActionMask = 2147483647;
			files = (
			);
			runOnlyForDeploymentPostprocessing = 0;
		};
		313158D62BEFE82D00F9434A /* Resources */ = {
			isa = PBXResourcesBuildPhase;
			buildActionMask = 2147483647;
			files = (
			);
			runOnlyForDeploymentPostprocessing = 0;
		};
/* End PBXResourcesBuildPhase section */

/* Begin PBXSourcesBuildPhase section */
		313158B42BEFE82C00F9434A /* Sources */ = {
			isa = PBXSourcesBuildPhase;
			buildActionMask = 2147483647;
			files = (
				313158C02BEFE82C00F9434A /* ViewController.swift in Sources */,
				313158BC2BEFE82C00F9434A /* AppDelegate.swift in Sources */,
				313158BE2BEFE82C00F9434A /* SceneDelegate.swift in Sources */,
			);
			runOnlyForDeploymentPostprocessing = 0;
		};
		313158CA2BEFE82D00F9434A /* Sources */ = {
			isa = PBXSourcesBuildPhase;
			buildActionMask = 2147483647;
			files = (
				313158D32BEFE82D00F9434A /* I_Am_RichTests.swift in Sources */,
			);
			runOnlyForDeploymentPostprocessing = 0;
		};
		313158D42BEFE82D00F9434A /* Sources */ = {
			isa = PBXSourcesBuildPhase;
			buildActionMask = 2147483647;
			files = (
				313158DF2BEFE82D00F9434A /* I_Am_RichUITestsLaunchTests.swift in Sources */,
				313158DD2BEFE82D00F9434A /* I_Am_RichUITests.swift in Sources */,
			);
			runOnlyForDeploymentPostprocessing = 0;
		};
/* End PBXSourcesBuildPhase section */

/* Begin PBXTargetDependency section */
		313158D02BEFE82D00F9434A /* PBXTargetDependency */ = {
			isa = PBXTargetDependency;
			target = 313158B72BEFE82C00F9434A /* I Am Rich */;
			targetProxy = 313158CF2BEFE82D00F9434A /* PBXContainerItemProxy */;
		};
		313158DA2BEFE82D00F9434A /* PBXTargetDependency */ = {
			isa = PBXTargetDependency;
			target = 313158B72BEFE82C00F9434A /* I Am Rich */;
			targetProxy = 313158D92BEFE82D00F9434A /* PBXContainerItemProxy */;
		};
/* End PBXTargetDependency section */

/* Begin PBXVariantGroup section */
		313158C12BEFE82C00F9434A /* Main.storyboard */ = {
			isa = PBXVariantGroup;
			children = (
				313158C22BEFE82C00F9434A /* Base */,
			);
			name = Main.storyboard;
			sourceTree = "<group>";
		};
		313158C62BEFE82D00F9434A /* LaunchScreen.storyboard */ = {
			isa = PBXVariantGroup;
			children = (
				313158C72BEFE82D00F9434A /* Base */,
			);
			name = LaunchScreen.storyboard;
			sourceTree = "<group>";
		};
/* End PBXVariantGroup section */

/* Begin XCBuildConfiguration section */
		313158E02BEFE82D00F9434A /* Debug */ = {
			isa = XCBuildConfiguration;
			buildSettings = {
				ALWAYS_SEARCH_USER_PATHS = NO;
				ASSETCATALOG_COMPILER_GENERATE_SWIFT_ASSET_SYMBOL_EXTENSIONS = YES;
				CLANG_ANALYZER_NONNULL = YES;
				CLANG_ANALYZER_NUMBER_OBJECT_CONVERSION = YES_AGGRESSIVE;
				CLANG_CXX_LANGUAGE_STANDARD = "gnu++20";
				CLANG_ENABLE_MODULES = YES;
				CLANG_ENABLE_OBJC_ARC = YES;
				CLANG_ENABLE_OBJC_WEAK = YES;
				CLANG_WARN_BLOCK_CAPTURE_AUTORELEASING = YES;
				CLANG_WARN_BOOL_CONVERSION = YES;
				CLANG_WARN_COMMA = YES;
				CLANG_WARN_CONSTANT_CONVERSION = YES;
				CLANG_WARN_DEPRECATED_OBJC_IMPLEMENTATIONS = YES;
				CLANG_WARN_DIRECT_OBJC_ISA_USAGE = YES_ERROR;
				CLANG_WARN_DOCUMENTATION_COMMENTS = YES;
				CLANG_WARN_EMPTY_BODY = YES;
				CLANG_WARN_ENUM_CONVERSION = YES;
				CLANG_WARN_INFINITE_RECURSION = YES;
				CLANG_WARN_INT_CONVERSION = YES;
				CLANG_WARN_NON_LITERAL_NULL_CONVERSION = YES;
				CLANG_WARN_OBJC_IMPLICIT_RETAIN_SELF = YES;
				CLANG_WARN_OBJC_LITERAL_CONVERSION = YES;
				CLANG_WARN_OBJC_ROOT_CLASS = YES_ERROR;
				CLANG_WARN_QUOTED_INCLUDE_IN_FRAMEWORK_HEADER = YES;
				CLANG_WARN_RANGE_LOOP_ANALYSIS = YES;
				CLANG_WARN_STRICT_PROTOTYPES = YES;
				CLANG_WARN_SUSPICIOUS_MOVE = YES;
				CLANG_WARN_UNGUARDED_AVAILABILITY = YES_AGGRESSIVE;
				CLANG_WARN_UNREACHABLE_CODE = YES;
				CLANG_WARN__DUPLICATE_METHOD_MATCH = YES;
				COPY_PHASE_STRIP = NO;
				DEBUG_INFORMATION_FORMAT = dwarf;
				ENABLE_STRICT_OBJC_MSGSEND = YES;
				ENABLE_TESTABILITY = YES;
				ENABLE_USER_SCRIPT_SANDBOXING = YES;
				GCC_C_LANGUAGE_STANDARD = gnu17;
				GCC_DYNAMIC_NO_PIC = NO;
				GCC_NO_COMMON_BLOCKS = YES;
				GCC_OPTIMIZATION_LEVEL = 0;
				GCC_PREPROCESSOR_DEFINITIONS = (
					"DEBUG=1",
					"$(inherited)",
				);
				GCC_WARN_64_TO_32_BIT_CONVERSION = YES;
				GCC_WARN_ABOUT_RETURN_TYPE = YES_ERROR;
				GCC_WARN_UNDECLARED_SELECTOR = YES;
				GCC_WARN_UNINITIALIZED_AUTOS = YES_AGGRESSIVE;
				GCC_WARN_UNUSED_FUNCTION = YES;
				GCC_WARN_UNUSED_VARIABLE = YES;
				IPHONEOS_DEPLOYMENT_TARGET = 17.4;
				LOCALIZATION_PREFERS_STRING_CATALOGS = YES;
				MTL_ENABLE_DEBUG_INFO = INCLUDE_SOURCE;
				MTL_FAST_MATH = YES;
				ONLY_ACTIVE_ARCH = YES;
				SDKROOT = iphoneos;
				SWIFT_ACTIVE_COMPILATION_CONDITIONS = "DEBUG $(inherited)";
				SWIFT_OPTIMIZATION_LEVEL = "-Onone";
			};
			name = Debug;
		};
		313158E12BEFE82D00F9434A /* Release */ = {
			isa = XCBuildConfiguration;
			buildSettings = {
				ALWAYS_SEARCH_USER_PATHS = NO;
				ASSETCATALOG_COMPILER_GENERATE_SWIFT_ASSET_SYMBOL_EXTENSIONS = YES;
				CLANG_ANALYZER_NONNULL = YES;
				CLANG_ANALYZER_NUMBER_OBJECT_CONVERSION = YES_AGGRESSIVE;
				CLANG_CXX_LANGUAGE_STANDARD = "gnu++20";
				CLANG_ENABLE_MODULES = YES;
				CLANG_ENABLE_OBJC_ARC = YES;
				CLANG_ENABLE_OBJC_WEAK = YES;
				CLANG_WARN_BLOCK_CAPTURE_AUTORELEASING = YES;
				CLANG_WARN_BOOL_CONVERSION = YES;
				CLANG_WARN_COMMA = YES;
				CLANG_WARN_CONSTANT_CONVERSION = YES;
				CLANG_WARN_DEPRECATED_OBJC_IMPLEMENTATIONS = YES;
				CLANG_WARN_DIRECT_OBJC_ISA_USAGE = YES_ERROR;
				CLANG_WARN_DOCUMENTATION_COMMENTS = YES;
				CLANG_WARN_EMPTY_BODY = YES;
				CLANG_WARN_ENUM_CONVERSION = YES;
				CLANG_WARN_INFINITE_RECURSION = YES;
				CLANG_WARN_INT_CONVERSION = YES;
				CLANG_WARN_NON_LITERAL_NULL_CONVERSION = YES;
				CLANG_WARN_OBJC_IMPLICIT_RETAIN_SELF = YES;
				CLANG_WARN_OBJC_LITERAL_CONVERSION = YES;
				CLANG_WARN_OBJC_ROOT_CLASS = YES_ERROR;
				CLANG_WARN_QUOTED_INCLUDE_IN_FRAMEWORK_HEADER = YES;
				CLANG_WARN_RANGE_LOOP_ANALYSIS = YES;
				CLANG_WARN_STRICT_PROTOTYPES = YES;
				CLANG_WARN_SUSPICIOUS_MOVE = YES;
				CLANG_WARN_UNGUARDED_AVAILABILITY = YES_AGGRESSIVE;
				CLANG_WARN_UNREACHABLE_CODE = YES;
				CLANG_WARN__DUPLICATE_METHOD_MATCH = YES;
				COPY_PHASE_STRIP = NO;
				DEBUG_INFORMATION_FORMAT = "dwarf-with-dsym";
				ENABLE_NS_ASSERTIONS = NO;
				ENABLE_STRICT_OBJC_MSGSEND = YES;
				ENABLE_USER_SCRIPT_SANDBOXING = YES;
				GCC_C_LANGUAGE_STANDARD = gnu17;
				GCC_NO_COMMON_BLOCKS = YES;
				GCC_WARN_64_TO_32_BIT_CONVERSION = YES;
				GCC_WARN_ABOUT_RETURN_TYPE = YES_ERROR;
				GCC_WARN_UNDECLARED_SELECTOR = YES;
				GCC_WARN_UNINITIALIZED_AUTOS = YES_AGGRESSIVE;
				GCC_WARN_UNUSED_FUNCTION = YES;
				GCC_WARN_UNUSED_VARIABLE = YES;
				IPHONEOS_DEPLOYMENT_TARGET = 17.4;
				LOCALIZATION_PREFERS_STRING_CATALOGS = YES;
				MTL_ENABLE_DEBUG_INFO = NO;
				MTL_FAST_MATH = YES;
				SDKROOT = iphoneos;
				SWIFT_COMPILATION_MODE = wholemodule;
				VALIDATE_PRODUCT = YES;
			};
			name = Release;
		};
		313158E32BEFE82D00F9434A /* Debug */ = {
			isa = XCBuildConfiguration;
			buildSettings = {
				ASSETCATALOG_COMPILER_APPICON_NAME = AppIcon;
				ASSETCATALOG_COMPILER_GLOBAL_ACCENT_COLOR_NAME = AccentColor;
				CODE_SIGN_STYLE = Automatic;
				CURRENT_PROJECT_VERSION = 1;
				GENERATE_INFOPLIST_FILE = YES;
				INFOPLIST_FILE = "I Am Rich/Info.plist";
				INFOPLIST_KEY_UIApplicationSupportsIndirectInputEvents = YES;
				INFOPLIST_KEY_UILaunchStoryboardName = LaunchScreen;
				INFOPLIST_KEY_UIMainStoryboardFile = Main;
				INFOPLIST_KEY_UISupportedInterfaceOrientations_iPad = "UIInterfaceOrientationPortrait UIInterfaceOrientationPortraitUpsideDown UIInterfaceOrientationLandscapeLeft UIInterfaceOrientationLandscapeRight";
				INFOPLIST_KEY_UISupportedInterfaceOrientations_iPhone = "UIInterfaceOrientationPortrait UIInterfaceOrientationLandscapeLeft UIInterfaceOrientationLandscapeRight";
				LD_RUNPATH_SEARCH_PATHS = (
					"$(inherited)",
					"@executable_path/Frameworks",
				);
				MARKETING_VERSION = 1.0;
				PRODUCT_BUNDLE_IDENTIFIER = "self.I-Am-Rich";
				PRODUCT_NAME = "$(TARGET_NAME)";
				SWIFT_EMIT_LOC_STRINGS = YES;
				SWIFT_VERSION = 5.0;
				TARGETED_DEVICE_FAMILY = "1,2";
			};
			name = Debug;
		};
		313158E42BEFE82D00F9434A /* Release */ = {
			isa = XCBuildConfiguration;
			buildSettings = {
				ASSETCATALOG_COMPILER_APPICON_NAME = AppIcon;
				ASSETCATALOG_COMPILER_GLOBAL_ACCENT_COLOR_NAME = AccentColor;
				CODE_SIGN_STYLE = Automatic;
				CURRENT_PROJECT_VERSION = 1;
				GENERATE_INFOPLIST_FILE = YES;
				INFOPLIST_FILE = "I Am Rich/Info.plist";
				INFOPLIST_KEY_UIApplicationSupportsIndirectInputEvents = YES;
				INFOPLIST_KEY_UILaunchStoryboardName = LaunchScreen;
				INFOPLIST_KEY_UIMainStoryboardFile = Main;
				INFOPLIST_KEY_UISupportedInterfaceOrientations_iPad = "UIInterfaceOrientationPortrait UIInterfaceOrientationPortraitUpsideDown UIInterfaceOrientationLandscapeLeft UIInterfaceOrientationLandscapeRight";
				INFOPLIST_KEY_UISupportedInterfaceOrientations_iPhone = "UIInterfaceOrientationPortrait UIInterfaceOrientationLandscapeLeft UIInterfaceOrientationLandscapeRight";
				LD_RUNPATH_SEARCH_PATHS = (
					"$(inherited)",
					"@executable_path/Frameworks",
				);
				MARKETING_VERSION = 1.0;
				PRODUCT_BUNDLE_IDENTIFIER = "self.I-Am-Rich";
				PRODUCT_NAME = "$(TARGET_NAME)";
				SWIFT_EMIT_LOC_STRINGS = YES;
				SWIFT_VERSION = 5.0;
				TARGETED_DEVICE_FAMILY = "1,2";
			};
			name = Release;
		};
		313158E62BEFE82D00F9434A /* Debug */ = {
			isa = XCBuildConfiguration;
			buildSettings = {
				ALWAYS_EMBED_SWIFT_STANDARD_LIBRARIES = YES;
				BUNDLE_LOADER = "$(TEST_HOST)";
				CODE_SIGN_STYLE = Automatic;
				CURRENT_PROJECT_VERSION = 1;
				GENERATE_INFOPLIST_FILE = YES;
				IPHONEOS_DEPLOYMENT_TARGET = 17.4;
				MARKETING_VERSION = 1.0;
				PRODUCT_BUNDLE_IDENTIFIER = "self.I-Am-RichTests";
				PRODUCT_NAME = "$(TARGET_NAME)";
				SWIFT_EMIT_LOC_STRINGS = NO;
				SWIFT_VERSION = 5.0;
				TARGETED_DEVICE_FAMILY = "1,2";
				TEST_HOST = "$(BUILT_PRODUCTS_DIR)/I Am Rich.app/$(BUNDLE_EXECUTABLE_FOLDER_PATH)/I Am Rich";
			};
			name = Debug;
		};
		313158E72BEFE82D00F9434A /* Release */ = {
			isa = XCBuildConfiguration;
			buildSettings = {
				ALWAYS_EMBED_SWIFT_STANDARD_LIBRARIES = YES;
				BUNDLE_LOADER = "$(TEST_HOST)";
				CODE_SIGN_STYLE = Automatic;
				CURRENT_PROJECT_VERSION = 1;
				GENERATE_INFOPLIST_FILE = YES;
				IPHONEOS_DEPLOYMENT_TARGET = 17.4;
				MARKETING_VERSION = 1.0;
				PRODUCT_BUNDLE_IDENTIFIER = "self.I-Am-RichTests";
				PRODUCT_NAME = "$(TARGET_NAME)";
				SWIFT_EMIT_LOC_STRINGS = NO;
				SWIFT_VERSION = 5.0;
				TARGETED_DEVICE_FAMILY = "1,2";
				TEST_HOST = "$(BUILT_PRODUCTS_DIR)/I Am Rich.app/$(BUNDLE_EXECUTABLE_FOLDER_PATH)/I Am Rich";
			};
			name = Release;
		};
		313158E92BEFE82D00F9434A /* Debug */ = {
			isa = XCBuildConfiguration;
			buildSettings = {
				ALWAYS_EMBED_SWIFT_STANDARD_LIBRARIES = YES;
				CODE_SIGN_STYLE = Automatic;
				CURRENT_PROJECT_VERSION = 1;
				GENERATE_INFOPLIST_FILE = YES;
				MARKETING_VERSION = 1.0;
				PRODUCT_BUNDLE_IDENTIFIER = "self.I-Am-RichUITests";
				PRODUCT_NAME = "$(TARGET_NAME)";
				SWIFT_EMIT_LOC_STRINGS = NO;
				SWIFT_VERSION = 5.0;
				TARGETED_DEVICE_FAMILY = "1,2";
				TEST_TARGET_NAME = "I Am Rich";
			};
			name = Debug;
		};
		313158EA2BEFE82D00F9434A /* Release */ = {
			isa = XCBuildConfiguration;
			buildSettings = {
				ALWAYS_EMBED_SWIFT_STANDARD_LIBRARIES = YES;
				CODE_SIGN_STYLE = Automatic;
				CURRENT_PROJECT_VERSION = 1;
				GENERATE_INFOPLIST_FILE = YES;
				MARKETING_VERSION = 1.0;
				PRODUCT_BUNDLE_IDENTIFIER = "self.I-Am-RichUITests";
				PRODUCT_NAME = "$(TARGET_NAME)";
				SWIFT_EMIT_LOC_STRINGS = NO;
				SWIFT_VERSION = 5.0;
				TARGETED_DEVICE_FAMILY = "1,2";
				TEST_TARGET_NAME = "I Am Rich";
			};
			name = Release;
		};
/* End XCBuildConfiguration section */

/* Begin XCConfigurationList section */
		313158B32BEFE82C00F9434A /* Build configuration list for PBXProject "I Am Rich" */ = {
			isa = XCConfigurationList;
			buildConfigurations = (
				313158E02BEFE82D00F9434A /* Debug */,
				313158E12BEFE82D00F9434A /* Release */,
			);
			defaultConfigurationIsVisible = 0;
			defaultConfigurationName = Release;
		};
		313158E22BEFE82D00F9434A /* Build configuration list for PBXNativeTarget "I Am Rich" */ = {
			isa = XCConfigurationList;
			buildConfigurations = (
				313158E32BEFE82D00F9434A /* Debug */,
				313158E42BEFE82D00F9434A /* Release */,
			);
			defaultConfigurationIsVisible = 0;
			defaultConfigurationName = Release;
		};
		313158E52BEFE82D00F9434A /* Build configuration list for PBXNativeTarget "I Am RichTests" */ = {
			isa = XCConfigurationList;
			buildConfigurations = (
				313158E62BEFE82D00F9434A /* Debug */,
				313158E72BEFE82D00F9434A /* Release */,
			);
			defaultConfigurationIsVisible = 0;
			defaultConfigurationName = Release;
		};
		313158E82BEFE82D00F9434A /* Build configuration list for PBXNativeTarget "I Am RichUITests" */ = {
			isa = XCConfigurationList;
			buildConfigurations = (
				313158E92BEFE82D00F9434A /* Debug */,
				313158EA2BEFE82D00F9434A /* Release */,
			);
			defaultConfigurationIsVisible = 0;
			defaultConfigurationName = Release;
		};
/* End XCConfigurationList section */
	};
	rootObject = 313158B02BEFE82C00F9434A /* Project object */;
}
